PODS:
  - Expecta (1.0.0)
  - KIF (3.2.3):
    - KIF/XCTest (= 3.2.3)
  - KIF/XCTest (3.2.3)
  - OHHTTPStubs (4.0.2)
  - Specta (1.0.2)
  - Swizzlean (0.2.0)

DEPENDENCIES:
  - Expecta
  - KIF
  - OHHTTPStubs
  - Specta
  - Swizzlean

SPEC CHECKSUMS:
  Expecta: 32604574add2c46a36f8d2f716b6c5736eb75024
  KIF: a94bffe9c97e449e44f8fa481c53243d21309e1e
  OHHTTPStubs: dbd1957d414659783e07b49c961940b7564c23d9
  Specta: 9cec98310dca411f7c7ffd6943552b501622abfe
  Swizzlean: 6ef3e5a33063b7cd99dc39f8c55164dc55d9a021

COCOAPODS: 0.37.2
